github.com/google/go-cmp v0.5.9 h1:O2Tfq5qg4qc4AmwVlvv0oLiVAGB7enBSJ2x2DqQFi38=
github.com/google/go-cmp v0.5.9/go.mod h1:17dUlkBOakJ0+DkrSSNjCkIjxS6bF9zb3elmeNGIjoY=
github.com/influxdata/influxdb v1.11.7 h1:C31A+S9YfjTCOuAv9Qs0ZdQufslOZZBtejjxiV8QNQw=
github.com/influxdata/influxdb v1.11.7/go.mod h1:zRTAuk/Ie/V1LGxJUv8jfDmfv+ypz22lxfhc1MxC3rI=
